
Microsoft Visual Studio Solution File, Format Version 12.00
# Visual Studio Version 17
VisualStudioVersion = 17.5.002.0
MinimumVisualStudioVersion = 10.0.40219.1
Project("{9A19103F-16F7-4668-BE54-9A1E7A4F7556}") = "Whatsapp.Microservice", "Whatsapp.Microservice.csproj", "{E2B12F02-177B-4963-B2D0-076A967732A1}"
EndProject
Global
	GlobalSection(SolutionConfigurationPlatforms) = preSolution
		Debug|Any CPU = Debug|Any CPU
		Release|Any CPU = Release|Any CPU
	EndGlobalSection
	GlobalSection(ProjectConfigurationPlatforms) = postSolution
		{E2B12F02-177B-4963-B2D0-076A967732A1}.Debug|Any CPU.ActiveCfg = Debug|Any CPU
		{E2B12F02-177B-4963-B2D0-076A967732A1}.Debug|Any CPU.Build.0 = Debug|Any CPU
		{E2B12F02-177B-4963-B2D0-076A967732A1}.Release|Any CPU.ActiveCfg = Release|Any CPU
		{E2B12F02-177B-4963-B2D0-076A967732A1}.Release|Any CPU.Build.0 = Release|Any CPU
	EndGlobalSection
	GlobalSection(SolutionProperties) = preSolution
		HideSolutionNode = FALSE
	EndGlobalSection
	GlobalSection(ExtensibilityGlobals) = postSolution
		SolutionGuid = {F5D3E1A2-957B-4A28-AFC4-10603D5DE535}
	EndGlobalSection
EndGlobal
